
Microsoft Visual Studio Solution File, Format Version 12.00
# Visual Studio Version 16
VisualStudioVersion = 16.0.30204.135
MinimumVisualStudioVersion = 10.0.40219.1
Project("{2150E333-8FDC-42A3-9474-1A3956D46DE8}") = "_Build", "_Build", "{531B6390-7FEC-41A9-8993-05DF83B75BB2}"
	ProjectSection(SolutionItems) = preProject
		Directory.Build.props = Directory.Build.props
	EndProjectSection
EndProject
Project("{2150E333-8FDC-42A3-9474-1A3956D46DE8}") = "Solution Items", "Solution Items", "{27E23088-BDA0-4172-A6A4-EE7CE990EF79}"
EndProject
Project("{9A19103F-16F7-4668-BE54-9A1E7A4F7556}") = "SqlBackup", "src\SqlBackup\SqlBackup.csproj", "{D2D0F06E-FF02-4502-AB8E-851273BD1D99}"
EndProject
Project("{9A19103F-16F7-4668-BE54-9A1E7A4F7556}") = "SqlBackupUtil", "src\SqlBackupUtil\SqlBackupUtil.csproj", "{F304C2A0-0F8B-4D0F-A2C7-4E0AF9EB9482}"
EndProject
Project("{9A19103F-16F7-4668-BE54-9A1E7A4F7556}") = "SqlBackupTest", "test\SqlBackupTest\SqlBackupTest.csproj", "{44B207A1-2C27-4FC9-A7D4-C84D42CD19AF}"
EndProject
Project("{2150E333-8FDC-42A3-9474-1A3956D46DE8}") = "Test", "Test", "{01E580AD-1C8A-4598-AB68-5C73F4622E74}"
EndProject
Global
	GlobalSection(SolutionConfigurationPlatforms) = preSolution
		Debug|Any CPU = Debug|Any CPU
		Release|Any CPU = Release|Any CPU
	EndGlobalSection
	GlobalSection(ProjectConfigurationPlatforms) = postSolution
		{D2D0F06E-FF02-4502-AB8E-851273BD1D99}.Debug|Any CPU.ActiveCfg = Debug|Any CPU
		{D2D0F06E-FF02-4502-AB8E-851273BD1D99}.Debug|Any CPU.Build.0 = Debug|Any CPU
		{D2D0F06E-FF02-4502-AB8E-851273BD1D99}.Release|Any CPU.ActiveCfg = Release|Any CPU
		{D2D0F06E-FF02-4502-AB8E-851273BD1D99}.Release|Any CPU.Build.0 = Release|Any CPU
		{F304C2A0-0F8B-4D0F-A2C7-4E0AF9EB9482}.Debug|Any CPU.ActiveCfg = Debug|Any CPU
		{F304C2A0-0F8B-4D0F-A2C7-4E0AF9EB9482}.Debug|Any CPU.Build.0 = Debug|Any CPU
		{F304C2A0-0F8B-4D0F-A2C7-4E0AF9EB9482}.Release|Any CPU.ActiveCfg = Release|Any CPU
		{F304C2A0-0F8B-4D0F-A2C7-4E0AF9EB9482}.Release|Any CPU.Build.0 = Release|Any CPU
		{44B207A1-2C27-4FC9-A7D4-C84D42CD19AF}.Debug|Any CPU.ActiveCfg = Debug|Any CPU
		{44B207A1-2C27-4FC9-A7D4-C84D42CD19AF}.Debug|Any CPU.Build.0 = Debug|Any CPU
		{44B207A1-2C27-4FC9-A7D4-C84D42CD19AF}.Release|Any CPU.ActiveCfg = Release|Any CPU
		{44B207A1-2C27-4FC9-A7D4-C84D42CD19AF}.Release|Any CPU.Build.0 = Release|Any CPU
	EndGlobalSection
	GlobalSection(SolutionProperties) = preSolution
		HideSolutionNode = FALSE
	EndGlobalSection
	GlobalSection(NestedProjects) = preSolution
		{44B207A1-2C27-4FC9-A7D4-C84D42CD19AF} = {01E580AD-1C8A-4598-AB68-5C73F4622E74}
	EndGlobalSection
	GlobalSection(ExtensibilityGlobals) = postSolution
		SolutionGuid = {58E7D717-E106-40C2-A499-24EE7FEFB719}
	EndGlobalSection
EndGlobal
